
Microsoft Visual Studio Solution File, Format Version 12.00
# Visual Studio Version 16
VisualStudioVersion = 16.0.32602.291
MinimumVisualStudioVersion = 10.0.40219.1
Project("{9A19103F-16F7-4668-BE54-9A1E7A4F7556}") = "JwtAuthentication", "JwtAuthentication\JwtAuthentication.csproj", "{179C68F2-5597-4DA6-8011-175F66356E75}"
EndProject
Project("{9A19103F-16F7-4668-BE54-9A1E7A4F7556}") = "JwtTokenGeneration-Test", "JwtTokenGeneration-Test\JwtTokenGeneration-Test.csproj", "{EF8141BF-2E9F-460F-9DED-06F410E994F0}"
EndProject
Project("{FAE04EC0-301F-11D3-BF4B-00C04F79EFBC}") = "LoginControllerTest", "LoginControllerTest\LoginControllerTest.csproj", "{8FC911BF-1E52-4562-A6CF-1690EE33C6FD}"
EndProject
Global
	GlobalSection(SolutionConfigurationPlatforms) = preSolution
		Debug|Any CPU = Debug|Any CPU
		Release|Any CPU = Release|Any CPU
	EndGlobalSection
	GlobalSection(ProjectConfigurationPlatforms) = postSolution
		{179C68F2-5597-4DA6-8011-175F66356E75}.Debug|Any CPU.ActiveCfg = Debug|Any CPU
		{179C68F2-5597-4DA6-8011-175F66356E75}.Debug|Any CPU.Build.0 = Debug|Any CPU
		{179C68F2-5597-4DA6-8011-175F66356E75}.Release|Any CPU.ActiveCfg = Release|Any CPU
		{179C68F2-5597-4DA6-8011-175F66356E75}.Release|Any CPU.Build.0 = Release|Any CPU
		{EF8141BF-2E9F-460F-9DED-06F410E994F0}.Debug|Any CPU.ActiveCfg = Debug|Any CPU
		{EF8141BF-2E9F-460F-9DED-06F410E994F0}.Debug|Any CPU.Build.0 = Debug|Any CPU
		{EF8141BF-2E9F-460F-9DED-06F410E994F0}.Release|Any CPU.ActiveCfg = Release|Any CPU
		{EF8141BF-2E9F-460F-9DED-06F410E994F0}.Release|Any CPU.Build.0 = Release|Any CPU
		{8FC911BF-1E52-4562-A6CF-1690EE33C6FD}.Debug|Any CPU.ActiveCfg = Debug|Any CPU
		{8FC911BF-1E52-4562-A6CF-1690EE33C6FD}.Debug|Any CPU.Build.0 = Debug|Any CPU
		{8FC911BF-1E52-4562-A6CF-1690EE33C6FD}.Release|Any CPU.ActiveCfg = Release|Any CPU
		{8FC911BF-1E52-4562-A6CF-1690EE33C6FD}.Release|Any CPU.Build.0 = Release|Any CPU
	EndGlobalSection
	GlobalSection(SolutionProperties) = preSolution
		HideSolutionNode = FALSE
	EndGlobalSection
	GlobalSection(ExtensibilityGlobals) = postSolution
		SolutionGuid = {3EB657F4-1781-4414-94CB-4C83B9A28103}
	EndGlobalSection
EndGlobal
