
Microsoft Visual Studio Solution File, Format Version 12.00
# Visual Studio Version 16
VisualStudioVersion = 16.0.32428.217
MinimumVisualStudioVersion = 10.0.40219.1
Project("{9A19103F-16F7-4668-BE54-9A1E7A4F7556}") = "ParkingSlots", "ParkingSlots\ParkingSlots.csproj", "{08E9B216-C1B3-42E6-ACE6-516CF336F7B9}"
EndProject
Project("{FAE04EC0-301F-11D3-BF4B-00C04F79EFBC}") = "Vehicle", "Vehicle\Vehicle.csproj", "{481AE516-3793-42AD-927E-1578E32524EE}"
EndProject
Global
	GlobalSection(SolutionConfigurationPlatforms) = preSolution
		Debug|Any CPU = Debug|Any CPU
		Release|Any CPU = Release|Any CPU
	EndGlobalSection
	GlobalSection(ProjectConfigurationPlatforms) = postSolution
		{08E9B216-C1B3-42E6-ACE6-516CF336F7B9}.Debug|Any CPU.ActiveCfg = Debug|Any CPU
		{08E9B216-C1B3-42E6-ACE6-516CF336F7B9}.Debug|Any CPU.Build.0 = Debug|Any CPU
		{08E9B216-C1B3-42E6-ACE6-516CF336F7B9}.Release|Any CPU.ActiveCfg = Release|Any CPU
		{08E9B216-C1B3-42E6-ACE6-516CF336F7B9}.Release|Any CPU.Build.0 = Release|Any CPU
		{481AE516-3793-42AD-927E-1578E32524EE}.Debug|Any CPU.ActiveCfg = Debug|Any CPU
		{481AE516-3793-42AD-927E-1578E32524EE}.Debug|Any CPU.Build.0 = Debug|Any CPU
		{481AE516-3793-42AD-927E-1578E32524EE}.Release|Any CPU.ActiveCfg = Release|Any CPU
		{481AE516-3793-42AD-927E-1578E32524EE}.Release|Any CPU.Build.0 = Release|Any CPU
	EndGlobalSection
	GlobalSection(SolutionProperties) = preSolution
		HideSolutionNode = FALSE
	EndGlobalSection
	GlobalSection(ExtensibilityGlobals) = postSolution
		SolutionGuid = {73326C69-AD7A-4BD0-891C-656F9EF3AE0C}
	EndGlobalSection
EndGlobal
